
Microsoft Visual Studio Solution File, Format Version 12.00
Project("{FAE04EC0-301F-11D3-BF4B-00C04F79EFBC}") = "AdventOfCode2017", "AdventOfCode2017\AdventOfCode2017.csproj", "{8FA68350-446F-440C-A35C-DA721E9A00C8}"
EndProject
Project("{FAE04EC0-301F-11D3-BF4B-00C04F79EFBC}") = "AdventOfCode", "AdventOfCode\AdventOfCode.csproj", "{B26A51F1-15CD-417E-AA5D-AD6F028D623E}"
EndProject
Global
	GlobalSection(SolutionConfigurationPlatforms) = preSolution
		Debug|Any CPU = Debug|Any CPU
		Release|Any CPU = Release|Any CPU
	EndGlobalSection
	GlobalSection(ProjectConfigurationPlatforms) = postSolution
		{8FA68350-446F-440C-A35C-DA721E9A00C8}.Debug|Any CPU.ActiveCfg = Debug|Any CPU
		{8FA68350-446F-440C-A35C-DA721E9A00C8}.Debug|Any CPU.Build.0 = Debug|Any CPU
		{8FA68350-446F-440C-A35C-DA721E9A00C8}.Release|Any CPU.ActiveCfg = Release|Any CPU
		{8FA68350-446F-440C-A35C-DA721E9A00C8}.Release|Any CPU.Build.0 = Release|Any CPU
		{B26A51F1-15CD-417E-AA5D-AD6F028D623E}.Debug|Any CPU.ActiveCfg = Debug|Any CPU
		{B26A51F1-15CD-417E-AA5D-AD6F028D623E}.Debug|Any CPU.Build.0 = Debug|Any CPU
		{B26A51F1-15CD-417E-AA5D-AD6F028D623E}.Release|Any CPU.ActiveCfg = Release|Any CPU
		{B26A51F1-15CD-417E-AA5D-AD6F028D623E}.Release|Any CPU.Build.0 = Release|Any CPU
	EndGlobalSection
EndGlobal
